github.com/aws/aws-sdk-go-v2 v1.47.2 h1:4vrR4S7MUdvPiv/fxlYI/FaZCgwKuir2LpXxwCUtwWY=
github.com/aws/aws-sdk-go-v2 v1.47.2/go.mod h1:LYKdgB/k1/omdrfoQuyt6T10CvF1yw27ByBjd+ku1jk=
github.com/aws/aws-sdk-go-v2/aws/protocol/eventstream v1.7.21 h1:WKBWnr7CcxtexN5hlwQm3PQHpOiHC1yL2jT9xV1lst4=
github.com/aws/aws-sdk-go-v2/aws/protocol/eventstream v1.7.21/go.mod h1:wSsHgTuq6+1PF8bYXu69GvAtPwRqu58R54eiU3oJjPA=
github.com/aws/aws-sdk-go-v2/credentials v1.20.8 h1:ibO101be+3jJOMBCJphBXzXm9UzIq+zxr8plM2V3FHw=
github.com/aws/aws-sdk-go-v2/credentials v1.20.8/go.mod h1:gAFU+h+59h6frPO/KUG7sgcToVf1ti8i/VMImKiFpcM=
github.com/aws/aws-sdk-go-v2/internal/configsources v1.5.5 h1:JwchTNw8oqkFWMYrmFmdoS4sYgE6JJcnO+ElvME+uH4=
github.com/aws/aws-sdk-go-v2/internal/configsources v1.5.5/go.mod h1:8pc+vcibD0We5t3f/LqHxjBPkXXfgcjYQN3upxqz/Nw=
github.com/aws/aws-sdk-go-v2/internal/endpoints/v2 v2.8.5 h1:CNgkOhhgJ1anuboBDmjRLCpVlBKFV9cEvT16d4QNl/w=
github.com/aws/aws-sdk-go-v2/internal/endpoints/v2 v2.8.5/go.mod h1:SS3HIANtO8edxa4QkX+8SvbMxRm+k78QoE6EIRI81tU=
github.com/aws/aws-sdk-go-v2/internal/v4a v1.5.5 h1:rkxirozlOuMs3QuaGsDV3ll5suBdeeH6iSLFPyA5zNk=
github.com/aws/aws-sdk-go-v2/internal/v4a v1.5.5/go.mod h1:OQjoYoCdNx6tLyZNEuD0HRfHQVStBIfQyigewExdEVU=
github.com/aws/aws-sdk-go-v2/service/internal/accept-encoding v1.13.20 h1:XBYeuBbMY5LRAKOdZgzUQO1BVj3B07uYAROSapq/IWg=
github.com/aws/aws-sdk-go-v2/service/internal/accept-encoding v1.13.20/go.mod h1:XL6ZfC3ePnooN2u2LT4RNhpr/xs5TiboydyUbgr8Dmg=
github.com/aws/aws-sdk-go-v2/service/internal/checksum v1.11.6 h1:FliCmwxz1mpssINb4n9hkuX1UoReFWyatTQNASP1w7Y=
github.com/aws/aws-sdk-go-v2/service/internal/checksum v1.11.6/go.mod h1:XceXmnKHKFLu0rf8HwaILPRdGdPkec5cE/TRS21Paoc=
github.com/aws/aws-sdk-go-v2/service/internal/presigned-url v1.14.5 h1:Q2MWL+9cTKHHiXWcsPobHiOD+wx8tTc8sWZaFvFSk9Q=
github.com/aws/aws-sdk-go-v2/service/internal/presigned-url v1.14.5/go.mod h1:U8tTityyPbgc90QwGOha8XsrQpLIjpGUS7+Q+4prM+Q=
github.com/aws/aws-sdk-go-v2/service/internal/s3shared v1.20.5 h1:N+38YVfwy+jsA7GtJyTiljl6eBxtdjaz+NZ+FZWWqUk=
github.com/aws/aws-sdk-go-v2/service/internal/s3shared v1.20.5/go.mod h1:/PlQk/JQU5HfvBKMBXbqqLAnmyy/VcfPR9j5OcLmy5s=
github.com/aws/aws-sdk-go-v2/service/s3 v1.114.2 h1:BOB0aJVVaZzjOz7czfgrEJNObTMvu+DEaBrNR+Up4VU=
github.com/aws/aws-sdk-go-v2/service/s3 v1.114.2/go.mod h1:n0cd8OKteromGbGyZfQXziazjV0q+QHDHwlB3miEKw0=
github.com/aws/smithy-go v1.28.4 h1:vzBmFpcRUtotqGPfmnro2W2Pgg3mk103n9sZhNJY9YU=
github.com/aws/smithy-go v1.28.4/go.mod h1:YE2RhdIuDbA5E5bTdciG9KrW3+TiEONeUWCqxX9i1Fc=
github.com/davecgh/go-spew v1.1.1 h1:vj9j/u1bqnvCEfJOwUhtlOARqs3+rkHYY13jYWTU97c=
github.com/davecgh/go-spew v1.1.1/go.mod h1:J7Y8YcW2NihsgmVo/mv3lAwl/skON4iLHjSsI+c5H38=
github.com/google/uuid v1.6.0 h1:NIvaJDMOsjHA8n1jAhLSgzrAzy1Hgr+hNrb57e+94F0=
github.com/google/uuid v1.6.0/go.mod h1:TIyPZe4MgqvfeYDBFedMoGGpEw/LqOeaOT+nhxU+yHo=
github.com/kr/fs v0.1.0 h1:Jskdu9ieNAYnjxsi0LbQp1ulIKZV1LAFgK1tWhpZgl8=
github.com/kr/fs v0.1.0/go.mod h1:FFnZGqtBN9Gxj7eW1uZ42v5BccTP0vu6NEaFoC2HwRg=
github.com/lib/pq v1.12.3 h1:tTWxr2YLKwIvK90ZXEw8GP7UFHtcbTtty8zsI+YjrfQ=
github.com/lib/pq v1.12.3/go.mod h1:/p+8NSbOcwzAEI7wiMXFlgydTwcgTr3OSKMsD2BitpA=
github.com/mattn/go-sqlite3 v1.14.52 h1:wVbm2Qnf4OXkqhBTSPuCRZDRnxfbVrrmiCEroVdog8U=
github.com/mattn/go-sqlite3 v1.14.52/go.mod h1:6JTjA44L93a0QCyJef5YvlPoKXntQPjzWv5gtm9sB6w=
github.com/pkg/sftp v1.13.11 h1:0N92SLTB8JqASJB14ZLHHzFnBV8mG9zw4K7jghEFWuE=
github.com/pkg/sftp v1.13.11/go.mod h1:uNkH9roSXglNJqM+glJJi+TQXQUm0fXFWqCFmT8hsN0=
github.com/pmezard/go-difflib v1.0.0 h1:4DBwDE0NGyQoBHbLQYPwSUPoCMWR5BEzIk/f1lZbAQM=
github.com/pmezard/go-difflib v1.0.0/go.mod h1:iKH77koFhYxTK1pcRnkKkqfTogsbg7gZNVY4sRDYZ/4=
github.com/stretchr/testify v1.11.1 h1:7s2iGBzp5EwR7/aIZr8ao5+dra3wiQyKjjFuvgVKu7U=
github.com/stretchr/testify v1.11.1/go.mod h1:wZwfW3scLgRK+23gO65QZefKpKQRnfz6sD981Nm4B6U=
golang.org/x/crypto v0.57.0 h1:3ZVCjf8Ggz7zneR/EHRVx68Ctf+2pmIMP2UFhh9cC6M=
golang.org/x/crypto v0.57.0/go.mod h1:Fdz0i5U6CoizGwLda9DttjSk6qlZo25zYNtR+ycvuZA=
golang.org/x/sys v0.48.0 h1:bbX/i/6MgT9BVLM9RT1thmxL04yeTAhbEz4SyadbXoo=
golang.org/x/sys v0.48.0/go.mod h1:hNLxWAXmnKAxqDtdwIYC4bM9oQPEecfsnNMuSxOs3og=
golang.org/x/term v0.46.0 h1:3+OXuTbaKDgwk8jTi3aSLHRlmWqHEUDUtxnbFigO4YE=
golang.org/x/term v0.46.0/go.mod h1:+K02xbkittuwc0Am4abfA3Fc+XRGXkvBXNO88NCXPoc=
gopkg.in/yaml.v3 v3.0.1 h1:fxVm/GzAzEWqLHuvctI91KS9hhNmmWOoWu0XTYJS7CA=
gopkg.in/yaml.v3 v3.0.1/go.mod h1:K4uyk7z7BCEPqu6E+C64Yfv1cQ7kz7rIZviUmN+EgEM=
